// !$*UTF8*$!
{
	archiveVersion = 1;
	classes = {
	};
	objectVersion = 46;
	objects = {

/* Begin PBXBuildFile section */
		ED1AE72F1C6A4BA100D19A00 /* HeaderView.m in Sources */ = {isa = PBXBuildFile; fileRef = ED1AE72E1C6A4BA100D19A00 /* HeaderView.m */; };
		ED1AE7321C6A6C4900D19A00 /* SideView.m in Sources */ = {isa = PBXBuildFile; fileRef = ED1AE7311C6A6C4900D19A00 /* SideView.m */; };
		ED1AE7361C6A712700D19A00 /* SavedCollectionViewController.m in Sources */ = {isa = PBXBuildFile; fileRef = ED1AE7351C6A712700D19A00 /* SavedCollectionViewController.m */; };
		ED1AE7391C6A728300D19A00 /* Model.xcdatamodeld in Sources */ = {isa = PBXBuildFile; fileRef = ED1AE7371C6A728300D19A00 /* Model.xcdatamodeld */; };
		ED1AE73C1C6A97E700D19A00 /* PreviewView.m in Sources */ = {isa = PBXBuildFile; fileRef = ED1AE73B1C6A97E700D19A00 /* PreviewView.m */; };
		ED1AE7481C6AF54300D19A00 /* ContentItem.m in Sources */ = {isa = PBXBuildFile; fileRef = ED1AE7471C6AF54300D19A00 /* ContentItem.m */; };
		ED1AE7501C6AF60700D19A00 /* SavedContentItem+CoreDataProperties.m in Sources */ = {isa = PBXBuildFile; fileRef = ED1AE74D1C6AF60700D19A00 /* SavedContentItem+CoreDataProperties.m */; };
		ED1AE7511C6AF60700D19A00 /* SavedContentItem.m in Sources */ = {isa = PBXBuildFile; fileRef = ED1AE74F1C6AF60700D19A00 /* SavedContentItem.m */; };
		ED1AE7531C6CD66F00D19A00 /* App hard disk.png in Resources */ = {isa = PBXBuildFile; fileRef = ED1AE7521C6CD66F00D19A00 /* App hard disk.png */; };
		ED2C89701C68FF0E00211018 /* main.m in Sources */ = {isa = PBXBuildFile; fileRef = ED2C896F1C68FF0E00211018 /* main.m */; };
		ED2C89731C68FF0E00211018 /* AppDelegate.m in Sources */ = {isa = PBXBuildFile; fileRef = ED2C89721C68FF0E00211018 /* AppDelegate.m */; };
		ED2C897B1C68FF0E00211018 /* Assets.xcassets in Resources */ = {isa = PBXBuildFile; fileRef = ED2C897A1C68FF0E00211018 /* Assets.xcassets */; };
		ED2C897E1C68FF0E00211018 /* LaunchScreen.storyboard in Resources */ = {isa = PBXBuildFile; fileRef = ED2C897C1C68FF0E00211018 /* LaunchScreen.storyboard */; };
		ED2C89891C68FF0E00211018 /* TopDrawerTests.m in Sources */ = {isa = PBXBuildFile; fileRef = ED2C89881C68FF0E00211018 /* TopDrawerTests.m */; };
		ED2C89941C68FF0E00211018 /* TopDrawerUITests.m in Sources */ = {isa = PBXBuildFile; fileRef = ED2C89931C68FF0E00211018 /* TopDrawerUITests.m */; };
		ED2C89A31C68FF4000211018 /* CoreDataStack.m in Sources */ = {isa = PBXBuildFile; fileRef = ED2C89A21C68FF4000211018 /* CoreDataStack.m */; };
		ED2C89A61C68FF7400211018 /* ColorPallete.m in Sources */ = {isa = PBXBuildFile; fileRef = ED2C89A51C68FF7400211018 /* ColorPallete.m */; };
		ED2C89A91C6900BD00211018 /* ContentViewController.m in Sources */ = {isa = PBXBuildFile; fileRef = ED2C89A81C6900BD00211018 /* ContentViewController.m */; };
		ED2C89AC1C6900E900211018 /* SavedDrawerViewController.m in Sources */ = {isa = PBXBuildFile; fileRef = ED2C89AB1C6900E900211018 /* SavedDrawerViewController.m */; };
		ED2C89AF1C69201500211018 /* DetailViewController.m in Sources */ = {isa = PBXBuildFile; fileRef = ED2C89AE1C69201500211018 /* DetailViewController.m */; };
		ED2C89C31C6929D900211018 /* SourceCell.m in Sources */ = {isa = PBXBuildFile; fileRef = ED2C89C21C6929D900211018 /* SourceCell.m */; };
		ED2C89C61C692A0100211018 /* PreviewCell.m in Sources */ = {isa = PBXBuildFile; fileRef = ED2C89C51C692A0100211018 /* PreviewCell.m */; };
		ED2C89CB1C6934DD00211018 /* Source.m in Sources */ = {isa = PBXBuildFile; fileRef = ED2C89CA1C6934DD00211018 /* Source.m */; };
		ED2C89D11C693AFC00211018 /* PreviewViewController.m in Sources */ = {isa = PBXBuildFile; fileRef = ED2C89D01C693AFC00211018 /* PreviewViewController.m */; };
		ED2C89D41C69404E00211018 /* SourceViewController.m in Sources */ = {isa = PBXBuildFile; fileRef = ED2C89D31C69404E00211018 /* SourceViewController.m */; };
		ED2C89D81C694B8900211018 /* DownloadManager.m in Sources */ = {isa = PBXBuildFile; fileRef = ED2C89D71C694B8900211018 /* DownloadManager.m */; };
		ED2C89DB1C695C1A00211018 /* SourceModel.m in Sources */ = {isa = PBXBuildFile; fileRef = ED2C89DA1C695C1A00211018 /* SourceModel.m */; };
		ED2C89DD1C695D8D00211018 /* nyt-t-logo.png in Resources */ = {isa = PBXBuildFile; fileRef = ED2C89DC1C695D8D00211018 /* nyt-t-logo.png */; };
		EDF0CE3B1C6D7C2B00792CF6 /* Save as-50.png in Resources */ = {isa = PBXBuildFile; fileRef = EDF0CE3A1C6D7C2B00792CF6 /* Save as-50.png */; };
		EDF0CE3D1C6D7E0A00792CF6 /* News-50.png in Resources */ = {isa = PBXBuildFile; fileRef = EDF0CE3C1C6D7E0A00792CF6 /* News-50.png */; };
		EDF0CE3F1C6D8A2E00792CF6 /* gradient-wallpaper-1.jpg in Resources */ = {isa = PBXBuildFile; fileRef = EDF0CE3E1C6D8A2E00792CF6 /* gradient-wallpaper-1.jpg */; };
		EDF0CE411C6E206100792CF6 /* 6839185-gradient.jpg in Resources */ = {isa = PBXBuildFile; fileRef = EDF0CE401C6E206100792CF6 /* 6839185-gradient.jpg */; };
		EDF0CE431C6E212400792CF6 /* 6839222-gradient.jpg in Resources */ = {isa = PBXBuildFile; fileRef = EDF0CE421C6E212400792CF6 /* 6839222-gradient.jpg */; };
		EDF0CE451C6E21A000792CF6 /* M6962Xw.png in Resources */ = {isa = PBXBuildFile; fileRef = EDF0CE441C6E21A000792CF6 /* M6962Xw.png */; };
/* End PBXBuildFile section */

/* Begin PBXContainerItemProxy section */
		ED2C89851C68FF0E00211018 /* PBXContainerItemProxy */ = {
			isa = PBXContainerItemProxy;
			containerPortal = ED2C89631C68FF0E00211018 /* Project object */;
			proxyType = 1;
			remoteGlobalIDString = ED2C896A1C68FF0E00211018;
			remoteInfo = TopDrawer;
		};
		ED2C89901C68FF0E00211018 /* PBXContainerItemProxy */ = {
			isa = PBXContainerItemProxy;
			containerPortal = ED2C89631C68FF0E00211018 /* Project object */;
			proxyType = 1;
			remoteGlobalIDString = ED2C896A1C68FF0E00211018;
			remoteInfo = TopDrawer;
		};
/* End PBXContainerItemProxy section */

/* Begin PBXFileReference section */
		ED1AE72D1C6A4BA100D19A00 /* HeaderView.h */ = {isa = PBXFileReference; fileEncoding = 4; lastKnownFileType = sourcecode.c.h; name = HeaderView.h; path = ../HeaderView.h; sourceTree = "<group>"; };
		ED1AE72E1C6A4BA100D19A00 /* HeaderView.m */ = {isa = PBXFileReference; fileEncoding = 4; lastKnownFileType = sourcecode.c.objc; name = HeaderView.m; path = ../HeaderView.m; sourceTree = "<group>"; };
		ED1AE7301C6A6C4900D19A00 /* SideView.h */ = {isa = PBXFileReference; fileEncoding = 4; lastKnownFileType = sourcecode.c.h; name = SideView.h; path = ../SideView.h; sourceTree = "<group>"; };
		ED1AE7311C6A6C4900D19A00 /* SideView.m */ = {isa = PBXFileReference; fileEncoding = 4; lastKnownFileType = sourcecode.c.objc; name = SideView.m; path = ../SideView.m; sourceTree = "<group>"; };
		ED1AE7341C6A712700D19A00 /* SavedCollectionViewController.h */ = {isa = PBXFileReference; fileEncoding = 4; lastKnownFileType = sourcecode.c.h; path = SavedCollectionViewController.h; sourceTree = "<group>"; };
		ED1AE7351C6A712700D19A00 /* SavedCollectionViewController.m */ = {isa = PBXFileReference; fileEncoding = 4; lastKnownFileType = sourcecode.c.objc; path = SavedCollectionViewController.m; sourceTree = "<group>"; };
		ED1AE7381C6A728300D19A00 /* Model.xcdatamodel */ = {isa = PBXFileReference; lastKnownFileType = wrapper.xcdatamodel; path = Model.xcdatamodel; sourceTree = "<group>"; };
		ED1AE73A1C6A97E700D19A00 /* PreviewView.h */ = {isa = PBXFileReference; fileEncoding = 4; lastKnownFileType = sourcecode.c.h; name = PreviewView.h; path = ../PreviewView.h; sourceTree = "<group>"; };
		ED1AE73B1C6A97E700D19A00 /* PreviewView.m */ = {isa = PBXFileReference; fileEncoding = 4; lastKnownFileType = sourcecode.c.objc; name = PreviewView.m; path = ../PreviewView.m; sourceTree = "<group>"; };
		ED1AE7461C6AF54300D19A00 /* ContentItem.h */ = {isa = PBXFileReference; fileEncoding = 4; lastKnownFileType = sourcecode.c.h; name = ContentItem.h; path = ../ContentItem.h; sourceTree = "<group>"; };
		ED1AE7471C6AF54300D19A00 /* ContentItem.m */ = {isa = PBXFileReference; fileEncoding = 4; lastKnownFileType = sourcecode.c.objc; name = ContentItem.m; path = ../ContentItem.m; sourceTree = "<group>"; };
		ED1AE74C1C6AF60700D19A00 /* SavedContentItem+CoreDataProperties.h */ = {isa = PBXFileReference; fileEncoding = 4; lastKnownFileType = sourcecode.c.h; name = "SavedContentItem+CoreDataProperties.h"; path = "../SavedContentItem+CoreDataProperties.h"; sourceTree = "<group>"; };
		ED1AE74D1C6AF60700D19A00 /* SavedContentItem+CoreDataProperties.m */ = {isa = PBXFileReference; fileEncoding = 4; lastKnownFileType = sourcecode.c.objc; name = "SavedContentItem+CoreDataProperties.m"; path = "../SavedContentItem+CoreDataProperties.m"; sourceTree = "<group>"; };
		ED1AE74E1C6AF60700D19A00 /* SavedContentItem.h */ = {isa = PBXFileReference; fileEncoding = 4; lastKnownFileType = sourcecode.c.h; name = SavedContentItem.h; path = ../SavedContentItem.h; sourceTree = "<group>"; };
		ED1AE74F1C6AF60700D19A00 /* SavedContentItem.m */ = {isa = PBXFileReference; fileEncoding = 4; lastKnownFileType = sourcecode.c.objc; name = SavedContentItem.m; path = ../SavedContentItem.m; sourceTree = "<group>"; };
		ED1AE7521C6CD66F00D19A00 /* App hard disk.png */ = {isa = PBXFileReference; lastKnownFileType = image.png; path = "App hard disk.png"; sourceTree = "<group>"; };
		ED2C896B1C68FF0E00211018 /* TopDrawer.app */ = {isa = PBXFileReference; explicitFileType = wrapper.application; includeInIndex = 0; path = TopDrawer.app; sourceTree = BUILT_PRODUCTS_DIR; };
		ED2C896F1C68FF0E00211018 /* main.m */ = {isa = PBXFileReference; lastKnownFileType = sourcecode.c.objc; path = main.m; sourceTree = "<group>"; };
		ED2C89711C68FF0E00211018 /* AppDelegate.h */ = {isa = PBXFileReference; lastKnownFileType = sourcecode.c.h; path = AppDelegate.h; sourceTree = "<group>"; };
		ED2C89721C68FF0E00211018 /* AppDelegate.m */ = {isa = PBXFileReference; lastKnownFileType = sourcecode.c.objc; path = AppDelegate.m; sourceTree = "<group>"; };
		ED2C897A1C68FF0E00211018 /* Assets.xcassets */ = {isa = PBXFileReference; lastKnownFileType = folder.assetcatalog; path = Assets.xcassets; sourceTree = "<group>"; };
		ED2C897D1C68FF0E00211018 /* Base */ = {isa = PBXFileReference; lastKnownFileType = file.storyboard; name = Base; path = Base.lproj/LaunchScreen.storyboard; sourceTree = "<group>"; };
		ED2C897F1C68FF0E00211018 /* Info.plist */ = {isa = PBXFileReference; lastKnownFileType = text.plist.xml; path = Info.plist; sourceTree = "<group>"; };
		ED2C89841C68FF0E00211018 /* TopDrawerTests.xctest */ = {isa = PBXFileReference; explicitFileType = wrapper.cfbundle; includeInIndex = 0; path = TopDrawerTests.xctest; sourceTree = BUILT_PRODUCTS_DIR; };
		ED2C89881C68FF0E00211018 /* TopDrawerTests.m */ = {isa = PBXFileReference; lastKnownFileType = sourcecode.c.objc; path = TopDrawerTests.m; sourceTree = "<group>"; };
		ED2C898A1C68FF0E00211018 /* Info.plist */ = {isa = PBXFileReference; lastKnownFileType = text.plist.xml; path = Info.plist; sourceTree = "<group>"; };
		ED2C898F1C68FF0E00211018 /* TopDrawerUITests.xctest */ = {isa = PBXFileReference; explicitFileType = wrapper.cfbundle; includeInIndex = 0; path = TopDrawerUITests.xctest; sourceTree = BUILT_PRODUCTS_DIR; };
		ED2C89931C68FF0E00211018 /* TopDrawerUITests.m */ = {isa = PBXFileReference; lastKnownFileType = sourcecode.c.objc; path = TopDrawerUITests.m; sourceTree = "<group>"; };
		ED2C89951C68FF0E00211018 /* Info.plist */ = {isa = PBXFileReference; lastKnownFileType = text.plist.xml; path = Info.plist; sourceTree = "<group>"; };
		ED2C89A11C68FF4000211018 /* CoreDataStack.h */ = {isa = PBXFileReference; fileEncoding = 4; lastKnownFileType = sourcecode.c.h; path = CoreDataStack.h; sourceTree = "<group>"; };
		ED2C89A21C68FF4000211018 /* CoreDataStack.m */ = {isa = PBXFileReference; fileEncoding = 4; lastKnownFileType = sourcecode.c.objc; path = CoreDataStack.m; sourceTree = "<group>"; };
		ED2C89A41C68FF7400211018 /* ColorPallete.h */ = {isa = PBXFileReference; fileEncoding = 4; lastKnownFileType = sourcecode.c.h; path = ColorPallete.h; sourceTree = "<group>"; };
		ED2C89A51C68FF7400211018 /* ColorPallete.m */ = {isa = PBXFileReference; fileEncoding = 4; lastKnownFileType = sourcecode.c.objc; path = ColorPallete.m; sourceTree = "<group>"; };
		ED2C89A71C6900BD00211018 /* ContentViewController.h */ = {isa = PBXFileReference; fileEncoding = 4; lastKnownFileType = sourcecode.c.h; name = ContentViewController.h; path = ../ContentViewController.h; sourceTree = "<group>"; };
		ED2C89A81C6900BD00211018 /* ContentViewController.m */ = {isa = PBXFileReference; fileEncoding = 4; lastKnownFileType = sourcecode.c.objc; name = ContentViewController.m; path = ../ContentViewController.m; sourceTree = "<group>"; };
		ED2C89AA1C6900E900211018 /* SavedDrawerViewController.h */ = {isa = PBXFileReference; fileEncoding = 4; lastKnownFileType = sourcecode.c.h; name = SavedDrawerViewController.h; path = ../SavedDrawerViewController.h; sourceTree = "<group>"; };
		ED2C89AB1C6900E900211018 /* SavedDrawerViewController.m */ = {isa = PBXFileReference; fileEncoding = 4; lastKnownFileType = sourcecode.c.objc; name = SavedDrawerViewController.m; path = ../SavedDrawerViewController.m; sourceTree = "<group>"; };
		ED2C89AD1C69201500211018 /* DetailViewController.h */ = {isa = PBXFileReference; fileEncoding = 4; lastKnownFileType = sourcecode.c.h; path = DetailViewController.h; sourceTree = "<group>"; };
		ED2C89AE1C69201500211018 /* DetailViewController.m */ = {isa = PBXFileReference; fileEncoding = 4; lastKnownFileType = sourcecode.c.objc; path = DetailViewController.m; sourceTree = "<group>"; };
		ED2C89C11C6929D900211018 /* SourceCell.h */ = {isa = PBXFileReference; fileEncoding = 4; lastKnownFileType = sourcecode.c.h; name = SourceCell.h; path = ../SourceCell.h; sourceTree = "<group>"; };
		ED2C89C21C6929D900211018 /* SourceCell.m */ = {isa = PBXFileReference; fileEncoding = 4; lastKnownFileType = sourcecode.c.objc; name = SourceCell.m; path = ../SourceCell.m; sourceTree = "<group>"; };
		ED2C89C41C692A0100211018 /* PreviewCell.h */ = {isa = PBXFileReference; fileEncoding = 4; lastKnownFileType = sourcecode.c.h; name = PreviewCell.h; path = ../PreviewCell.h; sourceTree = "<group>"; };
		ED2C89C51C692A0100211018 /* PreviewCell.m */ = {isa = PBXFileReference; fileEncoding = 4; lastKnownFileType = sourcecode.c.objc; name = PreviewCell.m; path = ../PreviewCell.m; sourceTree = "<group>"; };
		ED2C89C91C6934DD00211018 /* Source.h */ = {isa = PBXFileReference; fileEncoding = 4; lastKnownFileType = sourcecode.c.h; name = Source.h; path = ../Source.h; sourceTree = "<group>"; };
		ED2C89CA1C6934DD00211018 /* Source.m */ = {isa = PBXFileReference; fileEncoding = 4; lastKnownFileType = sourcecode.c.objc; name = Source.m; path = ../Source.m; sourceTree = "<group>"; };
		ED2C89CF1C693AFC00211018 /* PreviewViewController.h */ = {isa = PBXFileReference; fileEncoding = 4; lastKnownFileType = sourcecode.c.h; name = PreviewViewController.h; path = ../PreviewViewController.h; sourceTree = "<group>"; };
		ED2C89D01C693AFC00211018 /* PreviewViewController.m */ = {isa = PBXFileReference; fileEncoding = 4; lastKnownFileType = sourcecode.c.objc; name = PreviewViewController.m; path = ../PreviewViewController.m; sourceTree = "<group>"; };
		ED2C89D21C69404E00211018 /* SourceViewController.h */ = {isa = PBXFileReference; fileEncoding = 4; lastKnownFileType = sourcecode.c.h; name = SourceViewController.h; path = ../SourceViewController.h; sourceTree = "<group>"; };
		ED2C89D31C69404E00211018 /* SourceViewController.m */ = {isa = PBXFileReference; fileEncoding = 4; lastKnownFileType = sourcecode.c.objc; name = SourceViewController.m; path = ../SourceViewController.m; sourceTree = "<group>"; };
		ED2C89D61C694B8900211018 /* DownloadManager.h */ = {isa = PBXFileReference; fileEncoding = 4; lastKnownFileType = sourcecode.c.h; name = DownloadManager.h; path = ../DownloadManager.h; sourceTree = "<group>"; };
		ED2C89D71C694B8900211018 /* DownloadManager.m */ = {isa = PBXFileReference; fileEncoding = 4; lastKnownFileType = sourcecode.c.objc; name = DownloadManager.m; path = ../DownloadManager.m; sourceTree = "<group>"; };
		ED2C89D91C695C1A00211018 /* SourceModel.h */ = {isa = PBXFileReference; fileEncoding = 4; lastKnownFileType = sourcecode.c.h; path = SourceModel.h; sourceTree = "<group>"; };
		ED2C89DA1C695C1A00211018 /* SourceModel.m */ = {isa = PBXFileReference; fileEncoding = 4; lastKnownFileType = sourcecode.c.objc; path = SourceModel.m; sourceTree = "<group>"; };
		ED2C89DC1C695D8D00211018 /* nyt-t-logo.png */ = {isa = PBXFileReference; lastKnownFileType = image.png; path = "nyt-t-logo.png"; sourceTree = "<group>"; };
		EDF0CE3A1C6D7C2B00792CF6 /* Save as-50.png */ = {isa = PBXFileReference; lastKnownFileType = image.png; path = "Save as-50.png"; sourceTree = "<group>"; };
		EDF0CE3C1C6D7E0A00792CF6 /* News-50.png */ = {isa = PBXFileReference; lastKnownFileType = image.png; path = "News-50.png"; sourceTree = "<group>"; };
		EDF0CE3E1C6D8A2E00792CF6 /* gradient-wallpaper-1.jpg */ = {isa = PBXFileReference; lastKnownFileType = image.jpeg; path = "gradient-wallpaper-1.jpg"; sourceTree = "<group>"; };
		EDF0CE401C6E206100792CF6 /* 6839185-gradient.jpg */ = {isa = PBXFileReference; lastKnownFileType = image.jpeg; path = "6839185-gradient.jpg"; sourceTree = "<group>"; };
		EDF0CE421C6E212400792CF6 /* 6839222-gradient.jpg */ = {isa = PBXFileReference; lastKnownFileType = image.jpeg; path = "6839222-gradient.jpg"; sourceTree = "<group>"; };
		EDF0CE441C6E21A000792CF6 /* M6962Xw.png */ = {isa = PBXFileReference; lastKnownFileType = image.png; path = M6962Xw.png; sourceTree = "<group>"; };
/* End PBXFileReference section */

/* Begin PBXFrameworksBuildPhase section */
		ED2C89681C68FF0E00211018 /* Frameworks */ = {
			isa = PBXFrameworksBuildPhase;
			buildActionMask = 2147483647;
			files = (
			);
			runOnlyForDeploymentPostprocessing = 0;
		};
		ED2C89811C68FF0E00211018 /* Frameworks */ = {
			isa = PBXFrameworksBuildPhase;
			buildActionMask = 2147483647;
			files = (
			);
			runOnlyForDeploymentPostprocessing = 0;
		};
		ED2C898C1C68FF0E00211018 /* Frameworks */ = {
			isa = PBXFrameworksBuildPhase;
			buildActionMask = 2147483647;
			files = (
			);
			runOnlyForDeploymentPostprocessing = 0;
		};
/* End PBXFrameworksBuildPhase section */

/* Begin PBXGroup section */
		ED1AE7331C6A6C6C00D19A00 /* SideView */ = {
			isa = PBXGroup;
			children = (
				ED1AE7301C6A6C4900D19A00 /* SideView.h */,
				ED1AE7311C6A6C4900D19A00 /* SideView.m */,
			);
			name = SideView;
			sourceTree = "<group>";
		};
		ED2C89621C68FF0E00211018 = {
			isa = PBXGroup;
			children = (
				ED2C896D1C68FF0E00211018 /* TopDrawer */,
				ED2C89871C68FF0E00211018 /* TopDrawerTests */,
				ED2C89921C68FF0E00211018 /* TopDrawerUITests */,
				ED2C896C1C68FF0E00211018 /* Products */,
			);
			sourceTree = "<group>";
		};
		ED2C896C1C68FF0E00211018 /* Products */ = {
			isa = PBXGroup;
			children = (
				ED2C896B1C68FF0E00211018 /* TopDrawer.app */,
				ED2C89841C68FF0E00211018 /* TopDrawerTests.xctest */,
				ED2C898F1C68FF0E00211018 /* TopDrawerUITests.xctest */,
			);
			name = Products;
			sourceTree = "<group>";
		};
		ED2C896D1C68FF0E00211018 /* TopDrawer */ = {
			isa = PBXGroup;
			children = (
				ED1AE7331C6A6C6C00D19A00 /* SideView */,
				ED2C89D51C694B3E00211018 /* DataModel */,
				ED2C89C81C692A5500211018 /* CustomCells */,
				ED2C89B21C6922C100211018 /* Color Pallete */,
				ED2C89B11C6922AC00211018 /* CoreData */,
				ED2C89B31C6922DA00211018 /* AppDelegate */,
				ED2C89B41C6922ED00211018 /* ContentViewController */,
				ED2C89B51C6922FC00211018 /* SavedContentViewController */,
				ED2C89B61C69230D00211018 /* DetailViewController */,
				ED2C897A1C68FF0E00211018 /* Assets.xcassets */,
				ED2C89DC1C695D8D00211018 /* nyt-t-logo.png */,
				ED1AE7521C6CD66F00D19A00 /* App hard disk.png */,
				ED2C897C1C68FF0E00211018 /* LaunchScreen.storyboard */,
				ED1AE7371C6A728300D19A00 /* Model.xcdatamodeld */,
				ED2C897F1C68FF0E00211018 /* Info.plist */,
				EDF0CE3A1C6D7C2B00792CF6 /* Save as-50.png */,
				EDF0CE3C1C6D7E0A00792CF6 /* News-50.png */,
				EDF0CE3E1C6D8A2E00792CF6 /* gradient-wallpaper-1.jpg */,
				EDF0CE401C6E206100792CF6 /* 6839185-gradient.jpg */,
				EDF0CE421C6E212400792CF6 /* 6839222-gradient.jpg */,
				EDF0CE441C6E21A000792CF6 /* M6962Xw.png */,
				ED2C896E1C68FF0E00211018 /* Supporting Files */,
			);
			path = TopDrawer;
			sourceTree = "<group>";
		};
		ED2C896E1C68FF0E00211018 /* Supporting Files */ = {
			isa = PBXGroup;
			children = (
				ED2C896F1C68FF0E00211018 /* main.m */,
			);
			name = "Supporting Files";
			sourceTree = "<group>";
		};
		ED2C89871C68FF0E00211018 /* TopDrawerTests */ = {
			isa = PBXGroup;
			children = (
				ED2C89881C68FF0E00211018 /* TopDrawerTests.m */,
				ED2C898A1C68FF0E00211018 /* Info.plist */,
			);
			path = TopDrawerTests;
			sourceTree = "<group>";
		};
		ED2C89921C68FF0E00211018 /* TopDrawerUITests */ = {
			isa = PBXGroup;
			children = (
				ED2C89931C68FF0E00211018 /* TopDrawerUITests.m */,
				ED2C89951C68FF0E00211018 /* Info.plist */,
			);
			path = TopDrawerUITests;
			sourceTree = "<group>";
		};
		ED2C89B11C6922AC00211018 /* CoreData */ = {
			isa = PBXGroup;
			children = (
				ED2C89A11C68FF4000211018 /* CoreDataStack.h */,
				ED2C89A21C68FF4000211018 /* CoreDataStack.m */,
			);
			name = CoreData;
			sourceTree = "<group>";
		};
		ED2C89B21C6922C100211018 /* Color Pallete */ = {
			isa = PBXGroup;
			children = (
				ED2C89A41C68FF7400211018 /* ColorPallete.h */,
				ED2C89A51C68FF7400211018 /* ColorPallete.m */,
			);
			name = "Color Pallete";
			sourceTree = "<group>";
		};
		ED2C89B31C6922DA00211018 /* AppDelegate */ = {
			isa = PBXGroup;
			children = (
				ED2C89711C68FF0E00211018 /* AppDelegate.h */,
				ED2C89721C68FF0E00211018 /* AppDelegate.m */,
			);
			name = AppDelegate;
			sourceTree = "<group>";
		};
		ED2C89B41C6922ED00211018 /* ContentViewController */ = {
			isa = PBXGroup;
			children = (
				ED2C89A71C6900BD00211018 /* ContentViewController.h */,
				ED2C89A81C6900BD00211018 /* ContentViewController.m */,
				ED2C89D21C69404E00211018 /* SourceViewController.h */,
				ED2C89D31C69404E00211018 /* SourceViewController.m */,
				ED2C89CF1C693AFC00211018 /* PreviewViewController.h */,
				ED2C89D01C693AFC00211018 /* PreviewViewController.m */,
			);
			name = ContentViewController;
			sourceTree = "<group>";
		};
		ED2C89B51C6922FC00211018 /* SavedContentViewController */ = {
			isa = PBXGroup;
			children = (
				ED2C89AA1C6900E900211018 /* SavedDrawerViewController.h */,
				ED2C89AB1C6900E900211018 /* SavedDrawerViewController.m */,
				ED1AE7341C6A712700D19A00 /* SavedCollectionViewController.h */,
				ED1AE7351C6A712700D19A00 /* SavedCollectionViewController.m */,
				ED1AE73A1C6A97E700D19A00 /* PreviewView.h */,
				ED1AE73B1C6A97E700D19A00 /* PreviewView.m */,
			);
			name = SavedContentViewController;
			sourceTree = "<group>";
		};
		ED2C89B61C69230D00211018 /* DetailViewController */ = {
			isa = PBXGroup;
			children = (
				ED2C89AD1C69201500211018 /* DetailViewController.h */,
				ED2C89AE1C69201500211018 /* DetailViewController.m */,
				ED1AE72D1C6A4BA100D19A00 /* HeaderView.h */,
				ED1AE72E1C6A4BA100D19A00 /* HeaderView.m */,
			);
			name = DetailViewController;
			sourceTree = "<group>";
		};
		ED2C89C81C692A5500211018 /* CustomCells */ = {
			isa = PBXGroup;
			children = (
				ED2C89C41C692A0100211018 /* PreviewCell.h */,
				ED2C89C51C692A0100211018 /* PreviewCell.m */,
				ED2C89C11C6929D900211018 /* SourceCell.h */,
				ED2C89C21C6929D900211018 /* SourceCell.m */,
			);
			name = CustomCells;
			sourceTree = "<group>";
		};
		ED2C89D51C694B3E00211018 /* DataModel */ = {
			isa = PBXGroup;
			children = (
				ED1AE74C1C6AF60700D19A00 /* SavedContentItem+CoreDataProperties.h */,
				ED1AE74D1C6AF60700D19A00 /* SavedContentItem+CoreDataProperties.m */,
				ED1AE74E1C6AF60700D19A00 /* SavedContentItem.h */,
				ED1AE74F1C6AF60700D19A00 /* SavedContentItem.m */,
				ED1AE7461C6AF54300D19A00 /* ContentItem.h */,
				ED1AE7471C6AF54300D19A00 /* ContentItem.m */,
				ED2C89C91C6934DD00211018 /* Source.h */,
				ED2C89CA1C6934DD00211018 /* Source.m */,
				ED2C89D91C695C1A00211018 /* SourceModel.h */,
				ED2C89DA1C695C1A00211018 /* SourceModel.m */,
				ED2C89D61C694B8900211018 /* DownloadManager.h */,
				ED2C89D71C694B8900211018 /* DownloadManager.m */,
			);
			name = DataModel;
			sourceTree = "<group>";
		};
/* End PBXGroup section */

/* Begin PBXNativeTarget section */
		ED2C896A1C68FF0E00211018 /* TopDrawer */ = {
			isa = PBXNativeTarget;
			buildConfigurationList = ED2C89981C68FF0E00211018 /* Build configuration list for PBXNativeTarget "TopDrawer" */;
			buildPhases = (
				ED2C89671C68FF0E00211018 /* Sources */,
				ED2C89681C68FF0E00211018 /* Frameworks */,
				ED2C89691C68FF0E00211018 /* Resources */,
			);
			buildRules = (
			);
			dependencies = (
			);
			name = TopDrawer;
			productName = TopDrawer;
			productReference = ED2C896B1C68FF0E00211018 /* TopDrawer.app */;
			productType = "com.apple.product-type.application";
		};
		ED2C89831C68FF0E00211018 /* TopDrawerTests */ = {
			isa = PBXNativeTarget;
			buildConfigurationList = ED2C899B1C68FF0E00211018 /* Build configuration list for PBXNativeTarget "TopDrawerTests" */;
			buildPhases = (
				ED2C89801C68FF0E00211018 /* Sources */,
				ED2C89811C68FF0E00211018 /* Frameworks */,
				ED2C89821C68FF0E00211018 /* Resources */,
			);
			buildRules = (
			);
			dependencies = (
				ED2C89861C68FF0E00211018 /* PBXTargetDependency */,
			);
			name = TopDrawerTests;
			productName = TopDrawerTests;
			productReference = ED2C89841C68FF0E00211018 /* TopDrawerTests.xctest */;
			productType = "com.apple.product-type.bundle.unit-test";
		};
		ED2C898E1C68FF0E00211018 /* TopDrawerUITests */ = {
			isa = PBXNativeTarget;
			buildConfigurationList = ED2C899E1C68FF0E00211018 /* Build configuration list for PBXNativeTarget "TopDrawerUITests" */;
			buildPhases = (
				ED2C898B1C68FF0E00211018 /* Sources */,
				ED2C898C1C68FF0E00211018 /* Frameworks */,
				ED2C898D1C68FF0E00211018 /* Resources */,
			);
			buildRules = (
			);
			dependencies = (
				ED2C89911C68FF0E00211018 /* PBXTargetDependency */,
			);
			name = TopDrawerUITests;
			productName = TopDrawerUITests;
			productReference = ED2C898F1C68FF0E00211018 /* TopDrawerUITests.xctest */;
			productType = "com.apple.product-type.bundle.ui-testing";
		};
/* End PBXNativeTarget section */

/* Begin PBXProject section */
		ED2C89631C68FF0E00211018 /* Project object */ = {
			isa = PBXProject;
			attributes = {
				LastUpgradeCheck = 0720;
				ORGANIZATIONNAME = "Carl Udren";
				TargetAttributes = {
					ED2C896A1C68FF0E00211018 = {
						CreatedOnToolsVersion = 7.2.1;
					};
					ED2C89831C68FF0E00211018 = {
						CreatedOnToolsVersion = 7.2.1;
						TestTargetID = ED2C896A1C68FF0E00211018;
					};
					ED2C898E1C68FF0E00211018 = {
						CreatedOnToolsVersion = 7.2.1;
						TestTargetID = ED2C896A1C68FF0E00211018;
					};
				};
			};
			buildConfigurationList = ED2C89661C68FF0E00211018 /* Build configuration list for PBXProject "TopDrawer" */;
			compatibilityVersion = "Xcode 3.2";
			developmentRegion = English;
			hasScannedForEncodings = 0;
			knownRegions = (
				en,
				Base,
			);
			mainGroup = ED2C89621C68FF0E00211018;
			productRefGroup = ED2C896C1C68FF0E00211018 /* Products */;
			projectDirPath = "";
			projectRoot = "";
			targets = (
				ED2C896A1C68FF0E00211018 /* TopDrawer */,
				ED2C89831C68FF0E00211018 /* TopDrawerTests */,
				ED2C898E1C68FF0E00211018 /* TopDrawerUITests */,
			);
		};
/* End PBXProject section */

/* Begin PBXResourcesBuildPhase section */
		ED2C89691C68FF0E00211018 /* Resources */ = {
			isa = PBXResourcesBuildPhase;
			buildActionMask = 2147483647;
			files = (
				ED2C897E1C68FF0E00211018 /* LaunchScreen.storyboard in Resources */,
				EDF0CE431C6E212400792CF6 /* 6839222-gradient.jpg in Resources */,
				ED2C897B1C68FF0E00211018 /* Assets.xcassets in Resources */,
				EDF0CE451C6E21A000792CF6 /* M6962Xw.png in Resources */,
				ED2C89DD1C695D8D00211018 /* nyt-t-logo.png in Resources */,
				EDF0CE3B1C6D7C2B00792CF6 /* Save as-50.png in Resources */,
				ED1AE7531C6CD66F00D19A00 /* App hard disk.png in Resources */,
				EDF0CE3F1C6D8A2E00792CF6 /* gradient-wallpaper-1.jpg in Resources */,
				EDF0CE411C6E206100792CF6 /* 6839185-gradient.jpg in Resources */,
				EDF0CE3D1C6D7E0A00792CF6 /* News-50.png in Resources */,
			);
			runOnlyForDeploymentPostprocessing = 0;
		};
		ED2C89821C68FF0E00211018 /* Resources */ = {
			isa = PBXResourcesBuildPhase;
			buildActionMask = 2147483647;
			files = (
			);
			runOnlyForDeploymentPostprocessing = 0;
		};
		ED2C898D1C68FF0E00211018 /* Resources */ = {
			isa = PBXResourcesBuildPhase;
			buildActionMask = 2147483647;
			files = (
			);
			runOnlyForDeploymentPostprocessing = 0;
		};
/* End PBXResourcesBuildPhase section */

/* Begin PBXSourcesBuildPhase section */
		ED2C89671C68FF0E00211018 /* Sources */ = {
			isa = PBXSourcesBuildPhase;
			buildActionMask = 2147483647;
			files = (
				ED1AE73C1C6A97E700D19A00 /* PreviewView.m in Sources */,
				ED2C89D41C69404E00211018 /* SourceViewController.m in Sources */,
				ED2C89AC1C6900E900211018 /* SavedDrawerViewController.m in Sources */,
				ED2C89DB1C695C1A00211018 /* SourceModel.m in Sources */,
				ED2C89D11C693AFC00211018 /* PreviewViewController.m in Sources */,
				ED2C89731C68FF0E00211018 /* AppDelegate.m in Sources */,
				ED1AE7321C6A6C4900D19A00 /* SideView.m in Sources */,
				ED2C89CB1C6934DD00211018 /* Source.m in Sources */,
				ED2C89A91C6900BD00211018 /* ContentViewController.m in Sources */,
				ED2C89D81C694B8900211018 /* DownloadManager.m in Sources */,
				ED1AE7481C6AF54300D19A00 /* ContentItem.m in Sources */,
				ED1AE7501C6AF60700D19A00 /* SavedContentItem+CoreDataProperties.m in Sources */,
				ED1AE7361C6A712700D19A00 /* SavedCollectionViewController.m in Sources */,
				ED2C89C31C6929D900211018 /* SourceCell.m in Sources */,
				ED2C89A61C68FF7400211018 /* ColorPallete.m in Sources */,
				ED1AE72F1C6A4BA100D19A00 /* HeaderView.m in Sources */,
				ED2C89701C68FF0E00211018 /* main.m in Sources */,
				ED2C89A31C68FF4000211018 /* CoreDataStack.m in Sources */,
				ED1AE7511C6AF60700D19A00 /* SavedContentItem.m in Sources */,
				ED2C89C61C692A0100211018 /* PreviewCell.m in Sources */,
				ED1AE7391C6A728300D19A00 /* Model.xcdatamodeld in Sources */,
				ED2C89AF1C69201500211018 /* DetailViewController.m in Sources */,
			);
			runOnlyForDeploymentPostprocessing = 0;
		};
		ED2C89801C68FF0E00211018 /* Sources */ = {
			isa = PBXSourcesBuildPhase;
			buildActionMask = 2147483647;
			files = (
				ED2C89891C68FF0E00211018 /* TopDrawerTests.m in Sources */,
			);
			runOnlyForDeploymentPostprocessing = 0;
		};
		ED2C898B1C68FF0E00211018 /* Sources */ = {
			isa = PBXSourcesBuildPhase;
			buildActionMask = 2147483647;
			files = (
				ED2C89941C68FF0E00211018 /* TopDrawerUITests.m in Sources */,
			);
			runOnlyForDeploymentPostprocessing = 0;
		};
/* End PBXSourcesBuildPhase section */

/* Begin PBXTargetDependency section */
		ED2C89861C68FF0E00211018 /* PBXTargetDependency */ = {
			isa = PBXTargetDependency;
			target = ED2C896A1C68FF0E00211018 /* TopDrawer */;
			targetProxy = ED2C89851C68FF0E00211018 /* PBXContainerItemProxy */;
		};
		ED2C89911C68FF0E00211018 /* PBXTargetDependency */ = {
			isa = PBXTargetDependency;
			target = ED2C896A1C68FF0E00211018 /* TopDrawer */;
			targetProxy = ED2C89901C68FF0E00211018 /* PBXContainerItemProxy */;
		};
/* End PBXTargetDependency section */

/* Begin PBXVariantGroup section */
		ED2C897C1C68FF0E00211018 /* LaunchScreen.storyboard */ = {
			isa = PBXVariantGroup;
			children = (
				ED2C897D1C68FF0E00211018 /* Base */,
			);
			name = LaunchScreen.storyboard;
			sourceTree = "<group>";
		};
/* End PBXVariantGroup section */

/* Begin XCBuildConfiguration section */
		ED2C89961C68FF0E00211018 /* Debug */ = {
			isa = XCBuildConfiguration;
			buildSettings = {
				ALWAYS_SEARCH_USER_PATHS = NO;
				CLANG_CXX_LANGUAGE_STANDARD = "gnu++0x";
				CLANG_CXX_LIBRARY = "libc++";
				CLANG_ENABLE_MODULES = YES;
				CLANG_ENABLE_OBJC_ARC = YES;
				CLANG_WARN_BOOL_CONVERSION = YES;
				CLANG_WARN_CONSTANT_CONVERSION = YES;
				CLANG_WARN_DIRECT_OBJC_ISA_USAGE = YES_ERROR;
				CLANG_WARN_EMPTY_BODY = YES;
				CLANG_WARN_ENUM_CONVERSION = YES;
				CLANG_WARN_INT_CONVERSION = YES;
				CLANG_WARN_OBJC_ROOT_CLASS = YES_ERROR;
				CLANG_WARN_UNREACHABLE_CODE = YES;
				CLANG_WARN__DUPLICATE_METHOD_MATCH = YES;
				"CODE_SIGN_IDENTITY[sdk=iphoneos*]" = "iPhone Developer";
				COPY_PHASE_STRIP = NO;
				DEBUG_INFORMATION_FORMAT = dwarf;
				ENABLE_STRICT_OBJC_MSGSEND = YES;
				ENABLE_TESTABILITY = YES;
				GCC_C_LANGUAGE_STANDARD = gnu99;
				GCC_DYNAMIC_NO_PIC = NO;
				GCC_NO_COMMON_BLOCKS = YES;
				GCC_OPTIMIZATION_LEVEL = 0;
				GCC_PREPROCESSOR_DEFINITIONS = (
					"DEBUG=1",
					"$(inherited)",
				);
				GCC_WARN_64_TO_32_BIT_CONVERSION = YES;
				GCC_WARN_ABOUT_RETURN_TYPE = YES_ERROR;
				GCC_WARN_UNDECLARED_SELECTOR = YES;
				GCC_WARN_UNINITIALIZED_AUTOS = YES_AGGRESSIVE;
				GCC_WARN_UNUSED_FUNCTION = YES;
				GCC_WARN_UNUSED_VARIABLE = YES;
				IPHONEOS_DEPLOYMENT_TARGET = 9.2;
				MTL_ENABLE_DEBUG_INFO = YES;
				ONLY_ACTIVE_ARCH = YES;
				SDKROOT = iphoneos;
			};
			name = Debug;
		};
		ED2C89971C68FF0E00211018 /* Release */ = {
			isa = XCBuildConfiguration;
			buildSettings = {
				ALWAYS_SEARCH_USER_PATHS = NO;
				CLANG_CXX_LANGUAGE_STANDARD = "gnu++0x";
				CLANG_CXX_LIBRARY = "libc++";
				CLANG_ENABLE_MODULES = YES;
				CLANG_ENABLE_OBJC_ARC = YES;
				CLANG_WARN_BOOL_CONVERSION = YES;
				CLANG_WARN_CONSTANT_CONVERSION = YES;
				CLANG_WARN_DIRECT_OBJC_ISA_USAGE = YES_ERROR;
				CLANG_WARN_EMPTY_BODY = YES;
				CLANG_WARN_ENUM_CONVERSION = YES;
				CLANG_WARN_INT_CONVERSION = YES;
				CLANG_WARN_OBJC_ROOT_CLASS = YES_ERROR;
				CLANG_WARN_UNREACHABLE_CODE = YES;
				CLANG_WARN__DUPLICATE_METHOD_MATCH = YES;
				"CODE_SIGN_IDENTITY[sdk=iphoneos*]" = "iPhone Developer";
				COPY_PHASE_STRIP = NO;
				DEBUG_INFORMATION_FORMAT = "dwarf-with-dsym";
				ENABLE_NS_ASSERTIONS = NO;
				ENABLE_STRICT_OBJC_MSGSEND = YES;
				GCC_C_LANGUAGE_STANDARD = gnu99;
				GCC_NO_COMMON_BLOCKS = YES;
				GCC_WARN_64_TO_32_BIT_CONVERSION = YES;
				GCC_WARN_ABOUT_RETURN_TYPE = YES_ERROR;
				GCC_WARN_UNDECLARED_SELECTOR = YES;
				GCC_WARN_UNINITIALIZED_AUTOS = YES_AGGRESSIVE;
				GCC_WARN_UNUSED_FUNCTION = YES;
				GCC_WARN_UNUSED_VARIABLE = YES;
				IPHONEOS_DEPLOYMENT_TARGET = 9.2;
				MTL_ENABLE_DEBUG_INFO = NO;
				SDKROOT = iphoneos;
				VALIDATE_PRODUCT = YES;
			};
			name = Release;
		};
		ED2C89991C68FF0E00211018 /* Debug */ = {
			isa = XCBuildConfiguration;
			buildSettings = {
				ASSETCATALOG_COMPILER_APPICON_NAME = AppIcon;
				INFOPLIST_FILE = TopDrawer/Info.plist;
				LD_RUNPATH_SEARCH_PATHS = "$(inherited) @executable_path/Frameworks";
				PRODUCT_BUNDLE_IDENTIFIER = "Carl-Udren.TopDrawer";
				PRODUCT_NAME = "$(TARGET_NAME)";
			};
			name = Debug;
		};
		ED2C899A1C68FF0E00211018 /* Release */ = {
			isa = XCBuildConfiguration;
			buildSettings = {
				ASSETCATALOG_COMPILER_APPICON_NAME = AppIcon;
				INFOPLIST_FILE = TopDrawer/Info.plist;
				LD_RUNPATH_SEARCH_PATHS = "$(inherited) @executable_path/Frameworks";
				PRODUCT_BUNDLE_IDENTIFIER = "Carl-Udren.TopDrawer";
				PRODUCT_NAME = "$(TARGET_NAME)";
			};
			name = Release;
		};
		ED2C899C1C68FF0E00211018 /* Debug */ = {
			isa = XCBuildConfiguration;
			buildSettings = {
				BUNDLE_LOADER = "$(TEST_HOST)";
				INFOPLIST_FILE = TopDrawerTests/Info.plist;
				LD_RUNPATH_SEARCH_PATHS = "$(inherited) @executable_path/Frameworks @loader_path/Frameworks";
				PRODUCT_BUNDLE_IDENTIFIER = "Carl-Udren.TopDrawerTests";
				PRODUCT_NAME = "$(TARGET_NAME)";
				TEST_HOST = "$(BUILT_PRODUCTS_DIR)/TopDrawer.app/TopDrawer";
			};
			name = Debug;
		};
		ED2C899D1C68FF0E00211018 /* Release */ = {
			isa = XCBuildConfiguration;
			buildSettings = {
				BUNDLE_LOADER = "$(TEST_HOST)";
				INFOPLIST_FILE = TopDrawerTests/Info.plist;
				LD_RUNPATH_SEARCH_PATHS = "$(inherited) @executable_path/Frameworks @loader_path/Frameworks";
				PRODUCT_BUNDLE_IDENTIFIER = "Carl-Udren.TopDrawerTests";
				PRODUCT_NAME = "$(TARGET_NAME)";
				TEST_HOST = "$(BUILT_PRODUCTS_DIR)/TopDrawer.app/TopDrawer";
			};
			name = Release;
		};
		ED2C899F1C68FF0E00211018 /* Debug */ = {
			isa = XCBuildConfiguration;
			buildSettings = {
				INFOPLIST_FILE = TopDrawerUITests/Info.plist;
				LD_RUNPATH_SEARCH_PATHS = "$(inherited) @executable_path/Frameworks @loader_path/Frameworks";
				PRODUCT_BUNDLE_IDENTIFIER = "Carl-Udren.TopDrawerUITests";
				PRODUCT_NAME = "$(TARGET_NAME)";
				TEST_TARGET_NAME = TopDrawer;
				USES_XCTRUNNER = YES;
			};
			name = Debug;
		};
		ED2C89A01C68FF0E00211018 /* Release */ = {
			isa = XCBuildConfiguration;
			buildSettings = {
				INFOPLIST_FILE = TopDrawerUITests/Info.plist;
				LD_RUNPATH_SEARCH_PATHS = "$(inherited) @executable_path/Frameworks @loader_path/Frameworks";
				PRODUCT_BUNDLE_IDENTIFIER = "Carl-Udren.TopDrawerUITests";
				PRODUCT_NAME = "$(TARGET_NAME)";
				TEST_TARGET_NAME = TopDrawer;
				USES_XCTRUNNER = YES;
			};
			name = Release;
		};
/* End XCBuildConfiguration section */

/* Begin XCConfigurationList section */
		ED2C89661C68FF0E00211018 /* Build configuration list for PBXProject "TopDrawer" */ = {
			isa = XCConfigurationList;
			buildConfigurations = (
				ED2C89961C68FF0E00211018 /* Debug */,
				ED2C89971C68FF0E00211018 /* Release */,
			);
			defaultConfigurationIsVisible = 0;
			defaultConfigurationName = Release;
		};
		ED2C89981C68FF0E00211018 /* Build configuration list for PBXNativeTarget "TopDrawer" */ = {
			isa = XCConfigurationList;
			buildConfigurations = (
				ED2C89991C68FF0E00211018 /* Debug */,
				ED2C899A1C68FF0E00211018 /* Release */,
			);
			defaultConfigurationIsVisible = 0;
			defaultConfigurationName = Release;
		};
		ED2C899B1C68FF0E00211018 /* Build configuration list for PBXNativeTarget "TopDrawerTests" */ = {
			isa = XCConfigurationList;
			buildConfigurations = (
				ED2C899C1C68FF0E00211018 /* Debug */,
				ED2C899D1C68FF0E00211018 /* Release */,
			);
			defaultConfigurationIsVisible = 0;
			defaultConfigurationName = Release;
		};
		ED2C899E1C68FF0E00211018 /* Build configuration list for PBXNativeTarget "TopDrawerUITests" */ = {
			isa = XCConfigurationList;
			buildConfigurations = (
				ED2C899F1C68FF0E00211018 /* Debug */,
				ED2C89A01C68FF0E00211018 /* Release */,
			);
			defaultConfigurationIsVisible = 0;
			defaultConfigurationName = Release;
		};
/* End XCConfigurationList section */

/* Begin XCVersionGroup section */
		ED1AE7371C6A728300D19A00 /* Model.xcdatamodeld */ = {
			isa = XCVersionGroup;
			children = (
				ED1AE7381C6A728300D19A00 /* Model.xcdatamodel */,
			);
			currentVersion = ED1AE7381C6A728300D19A00 /* Model.xcdatamodel */;
			name = Model.xcdatamodeld;
			path = ../Model.xcdatamodeld;
			sourceTree = "<group>";
			versionGroupType = wrapper.xcdatamodel;
		};
/* End XCVersionGroup section */
	};
	rootObject = ED2C89631C68FF0E00211018 /* Project object */;
}
